
Microsoft Visual Studio Solution File, Format Version 12.00
# Visual Studio Version 16
VisualStudioVersion = 16.0.29728.190
MinimumVisualStudioVersion = 10.0.40219.1
Project("{8BC9CEB8-8B4A-11D0-8D11-00A0C91BC942}") = "EVGAChroma", "EVGAChroma.vcxproj", "{F9F83D58-48B9-45FC-B20F-E548727696DD}"
EndProject
Global
	GlobalSection(SolutionConfigurationPlatforms) = preSolution
		Debug|x64 = Debug|x64
		Debug|x86 = Debug|x86
		Release|x64 = Release|x64
		Release|x86 = Release|x86
	EndGlobalSection
	GlobalSection(ProjectConfigurationPlatforms) = postSolution
		{F9F83D58-48B9-45FC-B20F-E548727696DD}.Debug|x64.ActiveCfg = Debug|x64
		{F9F83D58-48B9-45FC-B20F-E548727696DD}.Debug|x64.Build.0 = Debug|x64
		{F9F83D58-48B9-45FC-B20F-E548727696DD}.Debug|x86.ActiveCfg = Debug|Win32
		{F9F83D58-48B9-45FC-B20F-E548727696DD}.Debug|x86.Build.0 = Debug|Win32
		{F9F83D58-48B9-45FC-B20F-E548727696DD}.Release|x64.ActiveCfg = Release|x64
		{F9F83D58-48B9-45FC-B20F-E548727696DD}.Release|x64.Build.0 = Release|x64
		{F9F83D58-48B9-45FC-B20F-E548727696DD}.Release|x86.ActiveCfg = Release|Win32
		{F9F83D58-48B9-45FC-B20F-E548727696DD}.Release|x86.Build.0 = Release|Win32
	EndGlobalSection
	GlobalSection(SolutionProperties) = preSolution
		HideSolutionNode = FALSE
	EndGlobalSection
	GlobalSection(ExtensibilityGlobals) = postSolution
		SolutionGuid = {4AAB9214-1974-4701-87F0-369702EAA85E}
	EndGlobalSection
EndGlobal
